
Microsoft Visual Studio Solution File, Format Version 12.00
# Visual Studio Version 17
VisualStudioVersion = 17.9.34728.123
MinimumVisualStudioVersion = 10.0.40219.1
Project("{FAE04EC0-301F-11D3-BF4B-00C04F79EFBC}") = "mvc_algebra_knjizara", "mvc_algebra_knjizara\mvc_algebra_knjizara.csproj", "{52178366-3179-4E1C-90CF-F663BC73C865}"
EndProject
Global
	GlobalSection(SolutionConfigurationPlatforms) = preSolution
		Debug|Any CPU = Debug|Any CPU
		Release|Any CPU = Release|Any CPU
	EndGlobalSection
	GlobalSection(ProjectConfigurationPlatforms) = postSolution
		{52178366-3179-4E1C-90CF-F663BC73C865}.Debug|Any CPU.ActiveCfg = Debug|Any CPU
		{52178366-3179-4E1C-90CF-F663BC73C865}.Debug|Any CPU.Build.0 = Debug|Any CPU
		{52178366-3179-4E1C-90CF-F663BC73C865}.Release|Any CPU.ActiveCfg = Release|Any CPU
		{52178366-3179-4E1C-90CF-F663BC73C865}.Release|Any CPU.Build.0 = Release|Any CPU
	EndGlobalSection
	GlobalSection(SolutionProperties) = preSolution
		HideSolutionNode = FALSE
	EndGlobalSection
	GlobalSection(ExtensibilityGlobals) = postSolution
		SolutionGuid = {867A65FA-CFC6-4EAD-B5F9-F06BCC44EC2D}
	EndGlobalSection
EndGlobal
